
Microsoft Visual Studio Solution File, Format Version 12.00
# Visual Studio Version 16
VisualStudioVersion = 16.0.31624.102
MinimumVisualStudioVersion = 10.0.40219.1
Project("{FAE04EC0-301F-11D3-BF4B-00C04F79EFBC}") = "listasymenus", "listasymenus.csproj", "{A9C78DF0-C569-4E6F-81FF-5C0F57907B2A}"
EndProject
Global
	GlobalSection(SolutionConfigurationPlatforms) = preSolution
		Debug|Any CPU = Debug|Any CPU
		Release|Any CPU = Release|Any CPU
	EndGlobalSection
	GlobalSection(ProjectConfigurationPlatforms) = postSolution
		{A9C78DF0-C569-4E6F-81FF-5C0F57907B2A}.Debug|Any CPU.ActiveCfg = Debug|Any CPU
		{A9C78DF0-C569-4E6F-81FF-5C0F57907B2A}.Debug|Any CPU.Build.0 = Debug|Any CPU
		{A9C78DF0-C569-4E6F-81FF-5C0F57907B2A}.Release|Any CPU.ActiveCfg = Release|Any CPU
		{A9C78DF0-C569-4E6F-81FF-5C0F57907B2A}.Release|Any CPU.Build.0 = Release|Any CPU
	EndGlobalSection
	GlobalSection(SolutionProperties) = preSolution
		HideSolutionNode = FALSE
	EndGlobalSection
	GlobalSection(ExtensibilityGlobals) = postSolution
		SolutionGuid = {CB8A6025-CCCE-4160-B9F6-3AE6266578B8}
	EndGlobalSection
EndGlobal
